
Microsoft Visual Studio Solution File, Format Version 12.00
# Visual Studio Version 16
VisualStudioVersion = 16.0.31313.79
MinimumVisualStudioVersion = 10.0.40219.1
Project("{FAE04EC0-301F-11D3-BF4B-00C04F79EFBC}") = "Banking", "Banking\Banking.csproj", "{B021BEFD-387E-417A-B48F-BD1E80F53558}"
EndProject
Global
	GlobalSection(SolutionConfigurationPlatforms) = preSolution
		Debug|Any CPU = Debug|Any CPU
		Release|Any CPU = Release|Any CPU
	EndGlobalSection
	GlobalSection(ProjectConfigurationPlatforms) = postSolution
		{B021BEFD-387E-417A-B48F-BD1E80F53558}.Debug|Any CPU.ActiveCfg = Debug|Any CPU
		{B021BEFD-387E-417A-B48F-BD1E80F53558}.Debug|Any CPU.Build.0 = Debug|Any CPU
		{B021BEFD-387E-417A-B48F-BD1E80F53558}.Release|Any CPU.ActiveCfg = Release|Any CPU
		{B021BEFD-387E-417A-B48F-BD1E80F53558}.Release|Any CPU.Build.0 = Release|Any CPU
	EndGlobalSection
	GlobalSection(SolutionProperties) = preSolution
		HideSolutionNode = FALSE
	EndGlobalSection
	GlobalSection(ExtensibilityGlobals) = postSolution
		SolutionGuid = {AB4522DA-C16E-4D7E-992E-278D95BD0C52}
	EndGlobalSection
EndGlobal
